Microsoft Visual Studio Solution File, Format Version 11.00
# Visual Studio 2008

Project("{7AED55DA-3428-B2FD-4BEA-2B29B6D9F3E9}") = "Soukoban", "Assembly-CSharp-firstpass.csproj", "{EB7A6B33-EF2E-1DA3-606D-EB220974843F}"
EndProject
Project("{7AED55DA-3428-B2FD-4BEA-2B29B6D9F3E9}") = "Soukoban", "Assembly-CSharp-Editor-firstpass.csproj", "{2F2AC0E9-B7E8-C9CA-8A8E-B6764C72E500}"
EndProject
Global
	GlobalSection(SolutionConfigurationPlatforms) = preSolution
		Debug|Any CPU = Debug|Any CPU
		Release|Any CPU = Release|Any CPU
	EndGlobalSection
	GlobalSection(ProjectConfigurationPlatforms) = postSolution
		{EB7A6B33-EF2E-1DA3-606D-EB220974843F}.Debug|Any CPU.ActiveCfg = Debug|Any CPU
		{EB7A6B33-EF2E-1DA3-606D-EB220974843F}.Debug|Any CPU.Build.0 = Debug|Any CPU
		{EB7A6B33-EF2E-1DA3-606D-EB220974843F}.Release|Any CPU.ActiveCfg = Release|Any CPU
		{EB7A6B33-EF2E-1DA3-606D-EB220974843F}.Release|Any CPU.Build.0 = Release|Any CPU
		{2F2AC0E9-B7E8-C9CA-8A8E-B6764C72E500}.Debug|Any CPU.ActiveCfg = Debug|Any CPU
		{2F2AC0E9-B7E8-C9CA-8A8E-B6764C72E500}.Debug|Any CPU.Build.0 = Debug|Any CPU
		{2F2AC0E9-B7E8-C9CA-8A8E-B6764C72E500}.Release|Any CPU.ActiveCfg = Release|Any CPU
		{2F2AC0E9-B7E8-C9CA-8A8E-B6764C72E500}.Release|Any CPU.Build.0 = Release|Any CPU
	EndGlobalSection
	GlobalSection(SolutionProperties) = preSolution
		HideSolutionNode = FALSE
	EndGlobalSection
	GlobalSection(MonoDevelopProperties) = preSolution
		StartupItem = Assembly-CSharp.csproj
	EndGlobalSection
EndGlobal
